// !$*UTF8*$!
{
	archiveVersion = 1;
	classes = {
	};
	objectVersion = 56;
	objects = {

/* Begin PBXBuildFile section */
		6FBBE0DD2A2F38D700E9C276 /* AppDelegate.swift in Sources */ = {isa = PBXBuildFile; fileRef = 6FBBE0DC2A2F38D700E9C276 /* AppDelegate.swift */; };
		6FBBE0DF2A2F38D700E9C276 /* SceneDelegate.swift in Sources */ = {isa = PBXBuildFile; fileRef = 6FBBE0DE2A2F38D700E9C276 /* SceneDelegate.swift */; };
		6FBBE0E12A2F38D700E9C276 /* ViewController.swift in Sources */ = {isa = PBXBuildFile; fileRef = 6FBBE0E02A2F38D700E9C276 /* ViewController.swift */; };
		6FBBE0E42A2F38D700E9C276 /* Main.storyboard in Resources */ = {isa = PBXBuildFile; fileRef = 6FBBE0E22A2F38D700E9C276 /* Main.storyboard */; };
		6FBBE0E62A2F38D900E9C276 /* Assets.xcassets in Resources */ = {isa = PBXBuildFile; fileRef = 6FBBE0E52A2F38D900E9C276 /* Assets.xcassets */; };
		6FBBE0E92A2F38D900E9C276 /* LaunchScreen.storyboard in Resources */ = {isa = PBXBuildFile; fileRef = 6FBBE0E72A2F38D900E9C276 /* LaunchScreen.storyboard */; };
		6FBBE0F22A2F391400E9C276 /* SnapKit in Frameworks */ = {isa = PBXBuildFile; productRef = 6FBBE0F12A2F391400E9C276 /* SnapKit */; };
		6FBBE0F42A2F392800E9C276 /* WalkthroughCollectionViewCell.swift in Sources */ = {isa = PBXBuildFile; fileRef = 6FBBE0F32A2F392800E9C276 /* WalkthroughCollectionViewCell.swift */; };
/* End PBXBuildFile section */

/* Begin PBXFileReference section */
		6FBBE0D92A2F38D700E9C276 /* walkthrough-demo.app */ = {isa = PBXFileReference; explicitFileType = wrapper.application; includeInIndex = 0; path = "walkthrough-demo.app"; sourceTree = BUILT_PRODUCTS_DIR; };
		6FBBE0DC2A2F38D700E9C276 /* AppDelegate.swift */ = {isa = PBXFileReference; lastKnownFileType = sourcecode.swift; path = AppDelegate.swift; sourceTree = "<group>"; };
		6FBBE0DE2A2F38D700E9C276 /* SceneDelegate.swift */ = {isa = PBXFileReference; lastKnownFileType = sourcecode.swift; path = SceneDelegate.swift; sourceTree = "<group>"; };
		6FBBE0E02A2F38D700E9C276 /* ViewController.swift */ = {isa = PBXFileReference; lastKnownFileType = sourcecode.swift; path = ViewController.swift; sourceTree = "<group>"; };
		6FBBE0E32A2F38D700E9C276 /* Base */ = {isa = PBXFileReference; lastKnownFileType = file.storyboard; name = Base; path = Base.lproj/Main.storyboard; sourceTree = "<group>"; };
		6FBBE0E52A2F38D900E9C276 /* Assets.xcassets */ = {isa = PBXFileReference; lastKnownFileType = folder.assetcatalog; path = Assets.xcassets; sourceTree = "<group>"; };
		6FBBE0E82A2F38D900E9C276 /* Base */ = {isa = PBXFileReference; lastKnownFileType = file.storyboard; name = Base; path = Base.lproj/LaunchScreen.storyboard; sourceTree = "<group>"; };
		6FBBE0EA2A2F38D900E9C276 /* Info.plist */ = {isa = PBXFileReference; lastKnownFileType = text.plist.xml; path = Info.plist; sourceTree = "<group>"; };
		6FBBE0F32A2F392800E9C276 /* WalkthroughCollectionViewCell.swift */ = {isa = PBXFileReference; lastKnownFileType = sourcecode.swift; path = WalkthroughCollectionViewCell.swift; sourceTree = "<group>"; };
/* End PBXFileReference section */

/* Begin PBXFrameworksBuildPhase section */
		6FBBE0D62A2F38D700E9C276 /* Frameworks */ = {
			isa = PBXFrameworksBuildPhase;
			buildActionMask = 2147483647;
			files = (
				6FBBE0F22A2F391400E9C276 /* SnapKit in Frameworks */,
			);
			runOnlyForDeploymentPostprocessing = 0;
		};
/* End PBXFrameworksBuildPhase section */

/* Begin PBXGroup section */
		6FBBE0D02A2F38D700E9C276 = {
			isa = PBXGroup;
			children = (
				6FBBE0DB2A2F38D700E9C276 /* walkthrough-demo */,
				6FBBE0DA2A2F38D700E9C276 /* Products */,
			);
			sourceTree = "<group>";
		};
		6FBBE0DA2A2F38D700E9C276 /* Products */ = {
			isa = PBXGroup;
			children = (
				6FBBE0D92A2F38D700E9C276 /* walkthrough-demo.app */,
			);
			name = Products;
			sourceTree = "<group>";
		};
		6FBBE0DB2A2F38D700E9C276 /* walkthrough-demo */ = {
			isa = PBXGroup;
			children = (
				6FBBE0DC2A2F38D700E9C276 /* AppDelegate.swift */,
				6FBBE0DE2A2F38D700E9C276 /* SceneDelegate.swift */,
				6FBBE0E02A2F38D700E9C276 /* ViewController.swift */,
				6FBBE0F32A2F392800E9C276 /* WalkthroughCollectionViewCell.swift */,
				6FBBE0E22A2F38D700E9C276 /* Main.storyboard */,
				6FBBE0E52A2F38D900E9C276 /* Assets.xcassets */,
				6FBBE0E72A2F38D900E9C276 /* LaunchScreen.storyboard */,
				6FBBE0EA2A2F38D900E9C276 /* Info.plist */,
			);
			path = "walkthrough-demo";
			sourceTree = "<group>";
		};
/* End PBXGroup section */

/* Begin PBXNativeTarget section */
		6FBBE0D82A2F38D700E9C276 /* walkthrough-demo */ = {
			isa = PBXNativeTarget;
			buildConfigurationList = 6FBBE0ED2A2F38D900E9C276 /* Build configuration list for PBXNativeTarget "walkthrough-demo" */;
			buildPhases = (
				6FBBE0D52A2F38D700E9C276 /* Sources */,
				6FBBE0D62A2F38D700E9C276 /* Frameworks */,
				6FBBE0D72A2F38D700E9C276 /* Resources */,
			);
			buildRules = (
			);
			dependencies = (
			);
			name = "walkthrough-demo";
			packageProductDependencies = (
				6FBBE0F12A2F391400E9C276 /* SnapKit */,
			);
			productName = "walkthrough-demo";
			productReference = 6FBBE0D92A2F38D700E9C276 /* walkthrough-demo.app */;
			productType = "com.apple.product-type.application";
		};
/* End PBXNativeTarget section */

/* Begin PBXProject section */
		6FBBE0D12A2F38D700E9C276 /* Project object */ = {
			isa = PBXProject;
			attributes = {
				BuildIndependentTargetsInParallel = 1;
				LastSwiftUpdateCheck = 1430;
				LastUpgradeCheck = 1430;
				TargetAttributes = {
					6FBBE0D82A2F38D700E9C276 = {
						CreatedOnToolsVersion = 14.3.1;
					};
				};
			};
			buildConfigurationList = 6FBBE0D42A2F38D700E9C276 /* Build configuration list for PBXProject "walkthrough-demo" */;
			compatibilityVersion = "Xcode 14.0";
			developmentRegion = en;
			hasScannedForEncodings = 0;
			knownRegions = (
				en,
				Base,
			);
			mainGroup = 6FBBE0D02A2F38D700E9C276;
			packageReferences = (
				6FBBE0F02A2F391400E9C276 /* XCRemoteSwiftPackageReference "SnapKit" */,
			);
			productRefGroup = 6FBBE0DA2A2F38D700E9C276 /* Products */;
			projectDirPath = "";
			projectRoot = "";
			targets = (
				6FBBE0D82A2F38D700E9C276 /* walkthrough-demo */,
			);
		};
/* End PBXProject section */

/* Begin PBXResourcesBuildPhase section */
		6FBBE0D72A2F38D700E9C276 /* Resources */ = {
			isa = PBXResourcesBuildPhase;
			buildActionMask = 2147483647;
			files = (
				6FBBE0E92A2F38D900E9C276 /* LaunchScreen.storyboard in Resources */,
				6FBBE0E62A2F38D900E9C276 /* Assets.xcassets in Resources */,
				6FBBE0E42A2F38D700E9C276 /* Main.storyboard in Resources */,
			);
			runOnlyForDeploymentPostprocessing = 0;
		};
/* End PBXResourcesBuildPhase section */

/* Begin PBXSourcesBuildPhase section */
		6FBBE0D52A2F38D700E9C276 /* Sources */ = {
			isa = PBXSourcesBuildPhase;
			buildActionMask = 2147483647;
			files = (
				6FBBE0E12A2F38D700E9C276 /* ViewController.swift in Sources */,
				6FBBE0F42A2F392800E9C276 /* WalkthroughCollectionViewCell.swift in Sources */,
				6FBBE0DD2A2F38D700E9C276 /* AppDelegate.swift in Sources */,
				6FBBE0DF2A2F38D700E9C276 /* SceneDelegate.swift in Sources */,
			);
			runOnlyForDeploymentPostprocessing = 0;
		};
/* End PBXSourcesBuildPhase section */

/* Begin PBXVariantGroup section */
		6FBBE0E22A2F38D700E9C276 /* Main.storyboard */ = {
			isa = PBXVariantGroup;
			children = (
				6FBBE0E32A2F38D700E9C276 /* Base */,
			);
			name = Main.storyboard;
			sourceTree = "<group>";
		};
		6FBBE0E72A2F38D900E9C276 /* LaunchScreen.storyboard */ = {
			isa = PBXVariantGroup;
			children = (
				6FBBE0E82A2F38D900E9C276 /* Base */,
			);
			name = LaunchScreen.storyboard;
			sourceTree = "<group>";
		};
/* End PBXVariantGroup section */

/* Begin XCBuildConfiguration section */
		6FBBE0EB2A2F38D900E9C276 /* Debug */ = {
			isa = XCBuildConfiguration;
			buildSettings = {
				ALWAYS_SEARCH_USER_PATHS = NO;
				CLANG_ANALYZER_NONNULL = YES;
				CLANG_ANALYZER_NUMBER_OBJECT_CONVERSION = YES_AGGRESSIVE;
				CLANG_CXX_LANGUAGE_STANDARD = "gnu++20";
				CLANG_ENABLE_MODULES = YES;
				CLANG_ENABLE_OBJC_ARC = YES;
				CLANG_ENABLE_OBJC_WEAK = YES;
				CLANG_WARN_BLOCK_CAPTURE_AUTORELEASING = YES;
				CLANG_WARN_BOOL_CONVERSION = YES;
				CLANG_WARN_COMMA = YES;
				CLANG_WARN_CONSTANT_CONVERSION = YES;
				CLANG_WARN_DEPRECATED_OBJC_IMPLEMENTATIONS = YES;
				CLANG_WARN_DIRECT_OBJC_ISA_USAGE = YES_ERROR;
				CLANG_WARN_DOCUMENTATION_COMMENTS = YES;
				CLANG_WARN_EMPTY_BODY = YES;
				CLANG_WARN_ENUM_CONVERSION = YES;
				CLANG_WARN_INFINITE_RECURSION = YES;
				CLANG_WARN_INT_CONVERSION = YES;
				CLANG_WARN_NON_LITERAL_NULL_CONVERSION = YES;
				CLANG_WARN_OBJC_IMPLICIT_RETAIN_SELF = YES;
				CLANG_WARN_OBJC_LITERAL_CONVERSION = YES;
				CLANG_WARN_OBJC_ROOT_CLASS = YES_ERROR;
				CLANG_WARN_QUOTED_INCLUDE_IN_FRAMEWORK_HEADER = YES;
				CLANG_WARN_RANGE_LOOP_ANALYSIS = YES;
				CLANG_WARN_STRICT_PROTOTYPES = YES;
				CLANG_WARN_SUSPICIOUS_MOVE = YES;
				CLANG_WARN_UNGUARDED_AVAILABILITY = YES_AGGRESSIVE;
				CLANG_WARN_UNREACHABLE_CODE = YES;
				CLANG_WARN__DUPLICATE_METHOD_MATCH = YES;
				COPY_PHASE_STRIP = NO;
				DEBUG_INFORMATION_FORMAT = dwarf;
				ENABLE_STRICT_OBJC_MSGSEND = YES;
				ENABLE_TESTABILITY = YES;
				GCC_C_LANGUAGE_STANDARD = gnu11;
				GCC_DYNAMIC_NO_PIC = NO;
				GCC_NO_COMMON_BLOCKS = YES;
				GCC_OPTIMIZATION_LEVEL = 0;
				GCC_PREPROCESSOR_DEFINITIONS = (
					"DEBUG=1",
					"$(inherited)",
				);
				GCC_WARN_64_TO_32_BIT_CONVERSION = YES;
				GCC_WARN_ABOUT_RETURN_TYPE = YES_ERROR;
				GCC_WARN_UNDECLARED_SELECTOR = YES;
				GCC_WARN_UNINITIALIZED_AUTOS = YES_AGGRESSIVE;
				GCC_WARN_UNUSED_FUNCTION = YES;
				GCC_WARN_UNUSED_VARIABLE = YES;
				IPHONEOS_DEPLOYMENT_TARGET = 16.4;
				MTL_ENABLE_DEBUG_INFO = INCLUDE_SOURCE;
				MTL_FAST_MATH = YES;
				ONLY_ACTIVE_ARCH = YES;
				SDKROOT = iphoneos;
				SWIFT_ACTIVE_COMPILATION_CONDITIONS = DEBUG;
				SWIFT_OPTIMIZATION_LEVEL = "-Onone";
			};
			name = Debug;
		};
		6FBBE0EC2A2F38D900E9C276 /* Release */ = {
			isa = XCBuildConfiguration;
			buildSettings = {
				ALWAYS_SEARCH_USER_PATHS = NO;
				CLANG_ANALYZER_NONNULL = YES;
				CLANG_ANALYZER_NUMBER_OBJECT_CONVERSION = YES_AGGRESSIVE;
				CLANG_CXX_LANGUAGE_STANDARD = "gnu++20";
				CLANG_ENABLE_MODULES = YES;
				CLANG_ENABLE_OBJC_ARC = YES;
				CLANG_ENABLE_OBJC_WEAK = YES;
				CLANG_WARN_BLOCK_CAPTURE_AUTORELEASING = YES;
				CLANG_WARN_BOOL_CONVERSION = YES;
				CLANG_WARN_COMMA = YES;
				CLANG_WARN_CONSTANT_CONVERSION = YES;
				CLANG_WARN_DEPRECATED_OBJC_IMPLEMENTATIONS = YES;
				CLANG_WARN_DIRECT_OBJC_ISA_USAGE = YES_ERROR;
				CLANG_WARN_DOCUMENTATION_COMMENTS = YES;
				CLANG_WARN_EMPTY_BODY = YES;
				CLANG_WARN_ENUM_CONVERSION = YES;
				CLANG_WARN_INFINITE_RECURSION = YES;
				CLANG_WARN_INT_CONVERSION = YES;
				CLANG_WARN_NON_LITERAL_NULL_CONVERSION = YES;
				CLANG_WARN_OBJC_IMPLICIT_RETAIN_SELF = YES;
				CLANG_WARN_OBJC_LITERAL_CONVERSION = YES;
				CLANG_WARN_OBJC_ROOT_CLASS = YES_ERROR;
				CLANG_WARN_QUOTED_INCLUDE_IN_FRAMEWORK_HEADER = YES;
				CLANG_WARN_RANGE_LOOP_ANALYSIS = YES;
				CLANG_WARN_STRICT_PROTOTYPES = YES;
				CLANG_WARN_SUSPICIOUS_MOVE = YES;
				CLANG_WARN_UNGUARDED_AVAILABILITY = YES_AGGRESSIVE;
				CLANG_WARN_UNREACHABLE_CODE = YES;
				CLANG_WARN__DUPLICATE_METHOD_MATCH = YES;
				COPY_PHASE_STRIP = NO;
				DEBUG_INFORMATION_FORMAT = "dwarf-with-dsym";
				ENABLE_NS_ASSERTIONS = NO;
				ENABLE_STRICT_OBJC_MSGSEND = YES;
				GCC_C_LANGUAGE_STANDARD = gnu11;
				GCC_NO_COMMON_BLOCKS = YES;
				GCC_WARN_64_TO_32_BIT_CONVERSION = YES;
				GCC_WARN_ABOUT_RETURN_TYPE = YES_ERROR;
				GCC_WARN_UNDECLARED_SELECTOR = YES;
				GCC_WARN_UNINITIALIZED_AUTOS = YES_AGGRESSIVE;
				GCC_WARN_UNUSED_FUNCTION = YES;
				GCC_WARN_UNUSED_VARIABLE = YES;
				IPHONEOS_DEPLOYMENT_TARGET = 16.4;
				MTL_ENABLE_DEBUG_INFO = NO;
				MTL_FAST_MATH = YES;
				SDKROOT = iphoneos;
				SWIFT_COMPILATION_MODE = wholemodule;
				SWIFT_OPTIMIZATION_LEVEL = "-O";
				VALIDATE_PRODUCT = YES;
			};
			name = Release;
		};
		6FBBE0EE2A2F38D900E9C276 /* Debug */ = {
			isa = XCBuildConfiguration;
			buildSettings = {
				ASSETCATALOG_COMPILER_APPICON_NAME = AppIcon;
				ASSETCATALOG_COMPILER_GLOBAL_ACCENT_COLOR_NAME = AccentColor;
				CODE_SIGN_STYLE = Automatic;
				CURRENT_PROJECT_VERSION = 1;
				DEVELOPMENT_TEAM = FP5AQZ56FT;
				GENERATE_INFOPLIST_FILE = YES;
				INFOPLIST_FILE = "walkthrough-demo/Info.plist";
				INFOPLIST_KEY_UIApplicationSupportsIndirectInputEvents = YES;
				INFOPLIST_KEY_UILaunchStoryboardName = LaunchScreen;
				INFOPLIST_KEY_UIMainStoryboardFile = Main;
				INFOPLIST_KEY_UISupportedInterfaceOrientations_iPad = "UIInterfaceOrientationPortrait UIInterfaceOrientationPortraitUpsideDown UIInterfaceOrientationLandscapeLeft UIInterfaceOrientationLandscapeRight";
				INFOPLIST_KEY_UISupportedInterfaceOrientations_iPhone = "UIInterfaceOrientationPortrait UIInterfaceOrientationLandscapeLeft UIInterfaceOrientationLandscapeRight";
				LD_RUNPATH_SEARCH_PATHS = (
					"$(inherited)",
					"@executable_path/Frameworks",
				);
				MARKETING_VERSION = 1.0;
				PRODUCT_BUNDLE_IDENTIFIER = "taro.walkthrough-demo";
				PRODUCT_NAME = "$(TARGET_NAME)";
				SWIFT_EMIT_LOC_STRINGS = YES;
				SWIFT_VERSION = 5.0;
				TARGETED_DEVICE_FAMILY = "1,2";
			};
			name = Debug;
		};
		6FBBE0EF2A2F38D900E9C276 /* Release */ = {
			isa = XCBuildConfiguration;
			buildSettings = {
				ASSETCATALOG_COMPILER_APPICON_NAME = AppIcon;
				ASSETCATALOG_COMPILER_GLOBAL_ACCENT_COLOR_NAME = AccentColor;
				CODE_SIGN_STYLE = Automatic;
				CURRENT_PROJECT_VERSION = 1;
				DEVELOPMENT_TEAM = FP5AQZ56FT;
				GENERATE_INFOPLIST_FILE = YES;
				INFOPLIST_FILE = "walkthrough-demo/Info.plist";
				INFOPLIST_KEY_UIApplicationSupportsIndirectInputEvents = YES;
				INFOPLIST_KEY_UILaunchStoryboardName = LaunchScreen;
				INFOPLIST_KEY_UIMainStoryboardFile = Main;
				INFOPLIST_KEY_UISupportedInterfaceOrientations_iPad = "UIInterfaceOrientationPortrait UIInterfaceOrientationPortraitUpsideDown UIInterfaceOrientationLandscapeLeft UIInterfaceOrientationLandscapeRight";
				INFOPLIST_KEY_UISupportedInterfaceOrientations_iPhone = "UIInterfaceOrientationPortrait UIInterfaceOrientationLandscapeLeft UIInterfaceOrientationLandscapeRight";
				LD_RUNPATH_SEARCH_PATHS = (
					"$(inherited)",
					"@executable_path/Frameworks",
				);
				MARKETING_VERSION = 1.0;
				PRODUCT_BUNDLE_IDENTIFIER = "taro.walkthrough-demo";
				PRODUCT_NAME = "$(TARGET_NAME)";
				SWIFT_EMIT_LOC_STRINGS = YES;
				SWIFT_VERSION = 5.0;
				TARGETED_DEVICE_FAMILY = "1,2";
			};
			name = Release;
		};
/* End XCBuildConfiguration section */

/* Begin XCConfigurationList section */
		6FBBE0D42A2F38D700E9C276 /* Build configuration list for PBXProject "walkthrough-demo" */ = {
			isa = XCConfigurationList;
			buildConfigurations = (
				6FBBE0EB2A2F38D900E9C276 /* Debug */,
				6FBBE0EC2A2F38D900E9C276 /* Release */,
			);
			defaultConfigurationIsVisible = 0;
			defaultConfigurationName = Release;
		};
		6FBBE0ED2A2F38D900E9C276 /* Build configuration list for PBXNativeTarget "walkthrough-demo" */ = {
			isa = XCConfigurationList;
			buildConfigurations = (
				6FBBE0EE2A2F38D900E9C276 /* Debug */,
				6FBBE0EF2A2F38D900E9C276 /* Release */,
			);
			defaultConfigurationIsVisible = 0;
			defaultConfigurationName = Release;
		};
/* End XCConfigurationList section */

/* Begin XCRemoteSwiftPackageReference section */
		6FBBE0F02A2F391400E9C276 /* XCRemoteSwiftPackageReference "SnapKit" */ = {
			isa = XCRemoteSwiftPackageReference;
			repositoryURL = "https://github.com/SnapKit/SnapKit";
			requirement = {
				kind = upToNextMajorVersion;
				minimumVersion = 5.0.0;
			};
		};
/* End XCRemoteSwiftPackageReference section */

/* Begin XCSwiftPackageProductDependency section */
		6FBBE0F12A2F391400E9C276 /* SnapKit */ = {
			isa = XCSwiftPackageProductDependency;
			package = 6FBBE0F02A2F391400E9C276 /* XCRemoteSwiftPackageReference "SnapKit" */;
			productName = SnapKit;
		};
/* End XCSwiftPackageProductDependency section */
	};
	rootObject = 6FBBE0D12A2F38D700E9C276 /* Project object */;
}
